# This file is generated by running "yarn install" inside your project.
# Manual changes might be lost - proceed with caution!

__metadata:
  version: 6
  cacheKey: 8

"@types/ms@npm:^2.1.0":
  version: 2.1.0
  resolution: "@types/ms@npm:2.1.0"
  checksum: 532d2ebb91937ccc4a89389715e5b47d4c66e708d15942fe6cc25add6dc37b2be058230a327dd50f43f89b8b6d5d52b74685a9e8f70516edfc9bdd6be910eff4
  languageName: node
  linkType: hard

"@types/node@npm:*":
  version: 18.11.5
  resolution: "@types/node@npm:18.11.5"
  checksum: ac54e9287dd4549ea3dc8aabc0cf7bfa04c52f02925d7fd68414789617ec770f034c8ae2e111e8bd00d446a46fcac42587b5a316a1303e2f6ea094854248c9ff
  languageName: node
  linkType: hard

"@types/node@npm:^25.3.5":
  version: 25.3.5
  resolution: "@types/node@npm:25.3.5"
  dependencies:
    undici-types: ~7.18.0
  checksum: bc8400baaf2023c8d843526e13ac1c50f46b8416eb3c5480c9f01b3f3787ecc7c8c740110cce3568776c8f73be06eaaba7bfcb601f5946c56785589a6a3bd148
  languageName: node
  linkType: hard

"@types/ws@npm:^8.18.1":
  version: 8.18.1
  resolution: "@types/ws@npm:8.18.1"
  dependencies:
    "@types/node": "*"
  checksum: 0331b14cde388e2805af66cad3e3f51857db8e68ed91e5b99750915e96fe7572e58296dc99999331bbcf08f0ff00a227a0bb214e991f53c2a5aca7b0e71173fa
  languageName: node
  linkType: hard

"ajv@npm:^8.18.0":
  version: 8.18.0
  resolution: "ajv@npm:8.18.0"
  dependencies:
    fast-deep-equal: ^3.1.3
    fast-uri: ^3.0.1
    json-schema-traverse: ^1.0.0
    require-from-string: ^2.0.2
  checksum: bcdf6c7b040ca488108e2b4e219b31cf9ed478331007d4dd1ed8acc3946dd6b84295817c0f4724207b8dd8589c9966168b2fd4c7f32109d4b8526cdd3743e936
  languageName: node
  linkType: hard

"dadbot-cluster-client@workspace:.":
  version: 0.0.0-use.local
  resolution: "dadbot-cluster-client@workspace:."
  dependencies:
    "@types/ms": ^2.1.0
    "@types/node": ^25.3.5
    "@types/ws": ^8.18.1
    ajv: ^8.18.0
    ms: ^2.1.3
    typescript: ^5.9.3
    ws: ^8.19.0
  languageName: unknown
  linkType: soft

"fast-deep-equal@npm:^3.1.3":
  version: 3.1.3
  resolution: "fast-deep-equal@npm:3.1.3"
  checksum: e21a9d8d84f53493b6aa15efc9cfd53dd5b714a1f23f67fb5dc8f574af80df889b3bce25dc081887c6d25457cce704e636395333abad896ccdec03abaf1f3f9d
  languageName: node
  linkType: hard

"fast-uri@npm:^3.0.1":
  version: 3.1.0
  resolution: "fast-uri@npm:3.1.0"
  checksum: daab0efd3548cc53d0db38ecc764d125773f8bd70c34552ff21abdc6530f26fa4cb1771f944222ca5e61a0a1a85d01a104848ff88c61736de445d97bd616ea7e
  languageName: node
  linkType: hard

"json-schema-traverse@npm:^1.0.0":
  version: 1.0.0
  resolution: "json-schema-traverse@npm:1.0.0"
  checksum: 02f2f466cdb0362558b2f1fd5e15cce82ef55d60cd7f8fa828cf35ba74330f8d767fcae5c5c2adb7851fa811766c694b9405810879bc4e1ddd78a7c0e03658ad
  languageName: node
  linkType: hard

"ms@npm:^2.1.3":
  version: 2.1.3
  resolution: "ms@npm:2.1.3"
  checksum: aa92de608021b242401676e35cfa5aa42dd70cbdc082b916da7fb925c542173e36bce97ea3e804923fe92c0ad991434e4a38327e15a1b5b5f945d66df615ae6d
  languageName: node
  linkType: hard

"require-from-string@npm:^2.0.2":
  version: 2.0.2
  resolution: "require-from-string@npm:2.0.2"
  checksum: a03ef6895445f33a4015300c426699bc66b2b044ba7b670aa238610381b56d3f07c686251740d575e22f4c87531ba662d06937508f0f3c0f1ddc04db3130560b
  languageName: node
  linkType: hard

"typescript@npm:^5.9.3":
  version: 5.9.3
  resolution: "typescript@npm:5.9.3"
  bin:
    tsc: bin/tsc
    tsserver: bin/tsserver
  checksum: 0d0ffb84f2cd072c3e164c79a2e5a1a1f4f168e84cb2882ff8967b92afe1def6c2a91f6838fb58b168428f9458c57a2ba06a6737711fdd87a256bbe83e9a217f
  languageName: node
  linkType: hard

"typescript@patch:typescript@^5.9.3#~builtin<compat/typescript>":
  version: 5.9.3
  resolution: "typescript@patch:typescript@npm%3A5.9.3#~builtin<compat/typescript>::version=5.9.3&hash=701156"
  bin:
    tsc: bin/tsc
    tsserver: bin/tsserver
  checksum: 8bb8d86819ac86a498eada254cad7fb69c5f74778506c700c2a712daeaff21d3a6f51fd0d534fe16903cb010d1b74f89437a3d02d4d0ff5ca2ba9a4660de8497
  languageName: node
  linkType: hard

"undici-types@npm:~7.18.0":
  version: 7.18.2
  resolution: "undici-types@npm:7.18.2"
  checksum: 23da306c8366574adec305b06a8519ab5c7d09e3f5d16c1a98709a34fae17da09ec95198f30f86c00055e02efa8bfcc843e84e8aebeb9b8d6bb3e06afccae07a
  languageName: node
  linkType: hard

"ws@npm:^8.19.0":
  version: 8.19.0
  resolution: "ws@npm:8.19.0"
  peerDependencies:
    bufferutil: ^4.0.1
    utf-8-validate: ">=5.0.2"
  peerDependenciesMeta:
    bufferutil:
      optional: true
    utf-8-validate:
      optional: true
  checksum: 7a426122c373e053a65a2affbcdcdbf8f643ba0265577afd4e08595397ca244c05de81570300711e2363a9dab5aea3ae644b445bc7468b1ebbb51bfe2efb20e1
  languageName: node
  linkType: hard
